<?xml version="1.0" encoding="utf-8"?>
<Project ToolsVersion="4.0" xmlns="http://schemas.microsoft.com/developer/msbuild/2003">
  <ItemGroup>
    <Filter Include="Source Files">
      <UniqueIdentifier>{4FC737F1-C7A5-4376-A066-2A32D752A2FF}</UniqueIdentifier>
      <Extensions>cpp;c;cc;cxx;def;odl;idl;hpj;bat;asm;asmx</Extensions>
    </Filter>
    <Filter Include="Header Files">
      <UniqueIdentifier>{93995380-89BD-4b04-88EB-625FBE52EBFB}</UniqueIdentifier>
      <Extensions>h;hpp;hxx;hm;inl;inc;xsd</Extensions>
    </Filter>
    <Filter Include="Resource Files">
      <UniqueIdentifier>{67DA6AB6-F800-4c08-8B7A-83BB121AAD01}</UniqueIdentifier>
      <Extensions>rc;ico;cur;bmp;dlg;rc2;rct;bin;rgs;gif;jpg;jpeg;jpe;resx;tiff;tif;png;wav;mfcribbon-ms</Extensions>
    </Filter>
  </ItemGroup>
  <ItemGroup>
    <ClCompile Include="main.cpp">
      <Filter>Source Files</Filter>
    </ClCompile>
    <ClCompile Include="src\local\Camera.cpp">
      <Filter>Source Files</Filter>
    </ClCompile>
    <ClCompile Include="src\local\Character.cpp">
      <Filter>Source Files</Filter>
    </ClCompile>
    <ClCompile Include="src\local\CharacterManageSystem.cpp">
      <Filter>Source Files</Filter>
    </ClCompile>
    <ClCompile Include="src\local\CommonObjectManageSystem.cpp">
      <Filter>Source Files</Filter>
    </ClCompile>
    <ClCompile Include="src\local\FightSystem.cpp">
      <Filter>Source Files</Filter>
    </ClCompile>
    <ClCompile Include="src\local\MagicBall.cpp">
      <Filter>Source Files</Filter>
    </ClCompile>
    <ClCompile Include="src\local\Mouse.cpp">
      <Filter>Source Files</Filter>
    </ClCompile>
    <ClCompile Include="src\net\game_client.cpp">
      <Filter>Source Files</Filter>
    </ClCompile>
    <ClCompile Include="src\net\game_tree.cpp">
      <Filter>Source Files</Filter>
    </ClCompile>
    <ClCompile Include="src\net\game_updater_pseudo.cpp">
      <Filter>Source Files</Filter>
    </ClCompile>
    <ClCompile Include="src\net\game_updater_real.cpp">
      <Filter>Source Files</Filter>
    </ClCompile>
    <ClCompile Include="src\net\json_socket.cpp">
      <Filter>Source Files</Filter>
    </ClCompile>
    <ClCompile Include="src\local\Fire.cpp">
      <Filter>Source Files</Filter>
    </ClCompile>
    <ClCompile Include="src\local\HeavyAttackSpark.cpp">
      <Filter>Source Files</Filter>
    </ClCompile>
  </ItemGroup>
  <ItemGroup>
    <ClInclude Include="src\basic.h">
      <Filter>Source Files</Filter>
    </ClInclude>
    <ClInclude Include="src\enum\action_type.h">
      <Filter>Source Files</Filter>
    </ClInclude>
    <ClInclude Include="src\enum\motion_state.h">
      <Filter>Source Files</Filter>
    </ClInclude>
    <ClInclude Include="src\local\camera.h">
      <Filter>Source Files</Filter>
    </ClInclude>
    <ClInclude Include="src\local\Character.h">
      <Filter>Source Files</Filter>
    </ClInclude>
    <ClInclude Include="src\local\CharacterManageSystem.h">
      <Filter>Source Files</Filter>
    </ClInclude>
    <ClInclude Include="src\local\CommonObjectManageSystem.h">
      <Filter>Source Files</Filter>
    </ClInclude>
    <ClInclude Include="src\local\FightSystem.h">
      <Filter>Source Files</Filter>
    </ClInclude>
    <ClInclude Include="src\local\MagicBall.h">
      <Filter>Source Files</Filter>
    </ClInclude>
    <ClInclude Include="src\local\Mouse.h">
      <Filter>Source Files</Filter>
    </ClInclude>
    <ClInclude Include="src\net\callback.h">
      <Filter>Source Files</Filter>
    </ClInclude>
    <ClInclude Include="src\net\game_client.h">
      <Filter>Source Files</Filter>
    </ClInclude>
    <ClInclude Include="src\net\game_tree.h">
      <Filter>Source Files</Filter>
    </ClInclude>
    <ClInclude Include="src\net\game_updater.h">
      <Filter>Source Files</Filter>
    </ClInclude>
    <ClInclude Include="src\net\game_updater_pseudo.h">
      <Filter>Source Files</Filter>
    </ClInclude>
    <ClInclude Include="src\net\game_updater_real.h">
      <Filter>Source Files</Filter>
    </ClInclude>
    <ClInclude Include="src\net\json_socket.h">
      <Filter>Source Files</Filter>
    </ClInclude>
    <ClInclude Include="src\local\Fire.h">
      <Filter>Source Files</Filter>
    </ClInclude>
    <ClInclude Include="src\local\HeavyAttackSpark.h">
      <Filter>Source Files</Filter>
    </ClInclude>
  </ItemGroup>
  <ItemGroup>
    <Library Include="C:\Users\PAL\Desktop\jsoncpp-master\build\vs71\debug\lib_json\json_vc71_libmtd.lib">
      <Filter>Source Files</Filter>
    </Library>
  </ItemGroup>
</Project>